
Microsoft Visual Studio Solution File, Format Version 12.00
# Visual Studio Version 17
VisualStudioVersion = 17.3.32901.215
MinimumVisualStudioVersion = 10.0.40219.1
Project("{2150E333-8FDC-42A3-9474-1A3956D46DE8}") = "src", "src", "{96538349-8855-4888-A7F8-1FDF46D3594F}"
EndProject
Project("{2150E333-8FDC-42A3-9474-1A3956D46DE8}") = "test", "test", "{79C72A2B-CACC-4180-88C5-79653E4470A9}"
EndProject
Project("{FAE04EC0-301F-11D3-BF4B-00C04F79EFBC}") = "POS.Domain", "POS.Domain\POS.Domain.csproj", "{F2DC490C-C69A-4549-8816-34D822D65FC6}"
EndProject
Project("{FAE04EC0-301F-11D3-BF4B-00C04F79EFBC}") = "POS.Infrastructure", "POS.Infrastructure\POS.Infrastructure.csproj", "{40CD2938-0CD8-4269-9830-F18C54606580}"
EndProject
Project("{FAE04EC0-301F-11D3-BF4B-00C04F79EFBC}") = "POS.Application", "POS.Application\POS.Application.csproj", "{70B8AF03-5B28-4AB6-9F2F-241A57BE5425}"
EndProject
Project("{FAE04EC0-301F-11D3-BF4B-00C04F79EFBC}") = "POS.API", "POS.Api\POS.API.csproj", "{B85DC772-1FBF-47C2-B8E1-880EDC6E8927}"
EndProject
Project("{FAE04EC0-301F-11D3-BF4B-00C04F79EFBC}") = "POS.Utilities", "POS.Utilities\POS.Utilities.csproj", "{978D1349-92B8-4763-B38E-8966DD2EB496}"
EndProject
Project("{FAE04EC0-301F-11D3-BF4B-00C04F79EFBC}") = "POS.Test", "POS.Test\POS.Test.csproj", "{F559189C-8D7B-4128-A7D4-4836DEF2124A}"
EndProject
Global
	GlobalSection(SolutionConfigurationPlatforms) = preSolution
		Debug|Any CPU = Debug|Any CPU
		Release|Any CPU = Release|Any CPU
	EndGlobalSection
	GlobalSection(ProjectConfigurationPlatforms) = postSolution
		{F2DC490C-C69A-4549-8816-34D822D65FC6}.Debug|Any CPU.ActiveCfg = Debug|Any CPU
		{F2DC490C-C69A-4549-8816-34D822D65FC6}.Debug|Any CPU.Build.0 = Debug|Any CPU
		{F2DC490C-C69A-4549-8816-34D822D65FC6}.Release|Any CPU.ActiveCfg = Release|Any CPU
		{F2DC490C-C69A-4549-8816-34D822D65FC6}.Release|Any CPU.Build.0 = Release|Any CPU
		{40CD2938-0CD8-4269-9830-F18C54606580}.Debug|Any CPU.ActiveCfg = Debug|Any CPU
		{40CD2938-0CD8-4269-9830-F18C54606580}.Debug|Any CPU.Build.0 = Debug|Any CPU
		{40CD2938-0CD8-4269-9830-F18C54606580}.Release|Any CPU.ActiveCfg = Release|Any CPU
		{40CD2938-0CD8-4269-9830-F18C54606580}.Release|Any CPU.Build.0 = Release|Any CPU
		{70B8AF03-5B28-4AB6-9F2F-241A57BE5425}.Debug|Any CPU.ActiveCfg = Debug|Any CPU
		{70B8AF03-5B28-4AB6-9F2F-241A57BE5425}.Debug|Any CPU.Build.0 = Debug|Any CPU
		{70B8AF03-5B28-4AB6-9F2F-241A57BE5425}.Release|Any CPU.ActiveCfg = Release|Any CPU
		{70B8AF03-5B28-4AB6-9F2F-241A57BE5425}.Release|Any CPU.Build.0 = Release|Any CPU
		{B85DC772-1FBF-47C2-B8E1-880EDC6E8927}.Debug|Any CPU.ActiveCfg = Debug|Any CPU
		{B85DC772-1FBF-47C2-B8E1-880EDC6E8927}.Debug|Any CPU.Build.0 = Debug|Any CPU
		{B85DC772-1FBF-47C2-B8E1-880EDC6E8927}.Release|Any CPU.ActiveCfg = Release|Any CPU
		{B85DC772-1FBF-47C2-B8E1-880EDC6E8927}.Release|Any CPU.Build.0 = Release|Any CPU
		{978D1349-92B8-4763-B38E-8966DD2EB496}.Debug|Any CPU.ActiveCfg = Debug|Any CPU
		{978D1349-92B8-4763-B38E-8966DD2EB496}.Debug|Any CPU.Build.0 = Debug|Any CPU
		{978D1349-92B8-4763-B38E-8966DD2EB496}.Release|Any CPU.ActiveCfg = Release|Any CPU
		{978D1349-92B8-4763-B38E-8966DD2EB496}.Release|Any CPU.Build.0 = Release|Any CPU
		{F559189C-8D7B-4128-A7D4-4836DEF2124A}.Debug|Any CPU.ActiveCfg = Debug|Any CPU
		{F559189C-8D7B-4128-A7D4-4836DEF2124A}.Debug|Any CPU.Build.0 = Debug|Any CPU
		{F559189C-8D7B-4128-A7D4-4836DEF2124A}.Release|Any CPU.ActiveCfg = Release|Any CPU
		{F559189C-8D7B-4128-A7D4-4836DEF2124A}.Release|Any CPU.Build.0 = Release|Any CPU
	EndGlobalSection
	GlobalSection(SolutionProperties) = preSolution
		HideSolutionNode = FALSE
	EndGlobalSection
	GlobalSection(NestedProjects) = preSolution
		{F2DC490C-C69A-4549-8816-34D822D65FC6} = {96538349-8855-4888-A7F8-1FDF46D3594F}
		{40CD2938-0CD8-4269-9830-F18C54606580} = {96538349-8855-4888-A7F8-1FDF46D3594F}
		{70B8AF03-5B28-4AB6-9F2F-241A57BE5425} = {96538349-8855-4888-A7F8-1FDF46D3594F}
		{B85DC772-1FBF-47C2-B8E1-880EDC6E8927} = {96538349-8855-4888-A7F8-1FDF46D3594F}
		{978D1349-92B8-4763-B38E-8966DD2EB496} = {96538349-8855-4888-A7F8-1FDF46D3594F}
		{F559189C-8D7B-4128-A7D4-4836DEF2124A} = {79C72A2B-CACC-4180-88C5-79653E4470A9}
	EndGlobalSection
	GlobalSection(ExtensibilityGlobals) = postSolution
		SolutionGuid = {6635A808-322C-4556-85E0-87DEEAA5074D}
	EndGlobalSection
EndGlobal
